
Microsoft Visual Studio Solution File, Format Version 12.00
# Visual Studio Version 17
VisualStudioVersion = 17.5.002.0
MinimumVisualStudioVersion = 10.0.40219.1
Project("{2150E333-8FDC-42A3-9474-1A3956D46DE8}") = "bookeditor", "bookeditor", "{96F59BFB-9468-4142-AAB4-DAF000F6E6FE}"
EndProject
Project("{2150E333-8FDC-42A3-9474-1A3956D46DE8}") = "src", "src", "{198CB8D7-C11E-4D9B-9AD7-74F973FFDE13}"
EndProject
Project("{9A19103F-16F7-4668-BE54-9A1E7A4F7556}") = "bookeditor", "bookeditor\src\bookeditor\bookeditor.csproj", "{BA4F2CFF-C5C0-47BA-9353-68B61581DE93}"
EndProject
Project("{2150E333-8FDC-42A3-9474-1A3956D46DE8}") = "test", "test", "{AB8C8870-2427-4598-8C30-447C956AA52B}"
EndProject
Project("{9A19103F-16F7-4668-BE54-9A1E7A4F7556}") = "bookeditor.test", "bookeditor\test\bookeditor.test\bookeditor.test.csproj", "{0B41C56D-0839-4FDC-80C7-B86768EE6765}"
EndProject
Project("{9A19103F-16F7-4668-BE54-9A1E7A4F7556}") = "ui_tests", "bookeditor\test\ui_tests\ui_tests.csproj", "{CF59FA9B-3116-4D2C-A138-2C6B1D927E60}"
EndProject
Global
	GlobalSection(SolutionConfigurationPlatforms) = preSolution
		Debug|Any CPU = Debug|Any CPU
		Release|Any CPU = Release|Any CPU
	EndGlobalSection
	GlobalSection(ProjectConfigurationPlatforms) = postSolution
		{BA4F2CFF-C5C0-47BA-9353-68B61581DE93}.Debug|Any CPU.ActiveCfg = Debug|Any CPU
		{BA4F2CFF-C5C0-47BA-9353-68B61581DE93}.Debug|Any CPU.Build.0 = Debug|Any CPU
		{BA4F2CFF-C5C0-47BA-9353-68B61581DE93}.Release|Any CPU.ActiveCfg = Release|Any CPU
		{BA4F2CFF-C5C0-47BA-9353-68B61581DE93}.Release|Any CPU.Build.0 = Release|Any CPU
		{0B41C56D-0839-4FDC-80C7-B86768EE6765}.Debug|Any CPU.ActiveCfg = Debug|Any CPU
		{0B41C56D-0839-4FDC-80C7-B86768EE6765}.Debug|Any CPU.Build.0 = Debug|Any CPU
		{0B41C56D-0839-4FDC-80C7-B86768EE6765}.Release|Any CPU.ActiveCfg = Release|Any CPU
		{0B41C56D-0839-4FDC-80C7-B86768EE6765}.Release|Any CPU.Build.0 = Release|Any CPU
		{CF59FA9B-3116-4D2C-A138-2C6B1D927E60}.Debug|Any CPU.ActiveCfg = Debug|Any CPU
		{CF59FA9B-3116-4D2C-A138-2C6B1D927E60}.Debug|Any CPU.Build.0 = Debug|Any CPU
		{CF59FA9B-3116-4D2C-A138-2C6B1D927E60}.Release|Any CPU.ActiveCfg = Release|Any CPU
		{CF59FA9B-3116-4D2C-A138-2C6B1D927E60}.Release|Any CPU.Build.0 = Release|Any CPU
	EndGlobalSection
	GlobalSection(SolutionProperties) = preSolution
		HideSolutionNode = FALSE
	EndGlobalSection
	GlobalSection(NestedProjects) = preSolution
		{198CB8D7-C11E-4D9B-9AD7-74F973FFDE13} = {96F59BFB-9468-4142-AAB4-DAF000F6E6FE}
		{BA4F2CFF-C5C0-47BA-9353-68B61581DE93} = {198CB8D7-C11E-4D9B-9AD7-74F973FFDE13}
		{AB8C8870-2427-4598-8C30-447C956AA52B} = {96F59BFB-9468-4142-AAB4-DAF000F6E6FE}
		{0B41C56D-0839-4FDC-80C7-B86768EE6765} = {AB8C8870-2427-4598-8C30-447C956AA52B}
		{CF59FA9B-3116-4D2C-A138-2C6B1D927E60} = {AB8C8870-2427-4598-8C30-447C956AA52B}
	EndGlobalSection
	GlobalSection(ExtensibilityGlobals) = postSolution
		SolutionGuid = {8899D234-D8F1-46AD-95BF-ED50B22E3CF1}
	EndGlobalSection
EndGlobal
