
Microsoft Visual Studio Solution File, Format Version 12.00
# Visual Studio Version 17
VisualStudioVersion = 17.5.002.0
MinimumVisualStudioVersion = 10.0.40219.1
Project("{2150E333-8FDC-42A3-9474-1A3956D46DE8}") = "bookeditor", "bookeditor", "{88AA340C-FC8D-4210-9F02-72D80766913D}"
EndProject
Project("{2150E333-8FDC-42A3-9474-1A3956D46DE8}") = "src", "src", "{6D2B9493-1F58-4A00-AF4D-A515F78ECC63}"
EndProject
Project("{9A19103F-16F7-4668-BE54-9A1E7A4F7556}") = "bookeditor", "bookeditor\src\bookeditor\bookeditor.csproj", "{AD89EED3-25A4-45ED-A3F4-857A0A6F338E}"
EndProject
Project("{2150E333-8FDC-42A3-9474-1A3956D46DE8}") = "test", "test", "{E5276775-20BF-4BBF-8754-68B951492122}"
EndProject
Project("{9A19103F-16F7-4668-BE54-9A1E7A4F7556}") = "bookeditor.test", "bookeditor\test\bookeditor.test\bookeditor.test.csproj", "{A61B9B07-C0A4-4CE5-A1E2-74346EFC41C8}"
EndProject
Project("{9A19103F-16F7-4668-BE54-9A1E7A4F7556}") = "ui_tests", "bookeditor\test\ui_tests\ui_tests.csproj", "{B61A1AE8-DC81-48F0-9455-FB6D520FAFB9}"
EndProject
Global
	GlobalSection(SolutionConfigurationPlatforms) = preSolution
		Debug|Any CPU = Debug|Any CPU
		Release|Any CPU = Release|Any CPU
	EndGlobalSection
	GlobalSection(ProjectConfigurationPlatforms) = postSolution
		{AD89EED3-25A4-45ED-A3F4-857A0A6F338E}.Debug|Any CPU.ActiveCfg = Debug|Any CPU
		{AD89EED3-25A4-45ED-A3F4-857A0A6F338E}.Debug|Any CPU.Build.0 = Debug|Any CPU
		{AD89EED3-25A4-45ED-A3F4-857A0A6F338E}.Release|Any CPU.ActiveCfg = Release|Any CPU
		{AD89EED3-25A4-45ED-A3F4-857A0A6F338E}.Release|Any CPU.Build.0 = Release|Any CPU
		{A61B9B07-C0A4-4CE5-A1E2-74346EFC41C8}.Debug|Any CPU.ActiveCfg = Debug|Any CPU
		{A61B9B07-C0A4-4CE5-A1E2-74346EFC41C8}.Debug|Any CPU.Build.0 = Debug|Any CPU
		{A61B9B07-C0A4-4CE5-A1E2-74346EFC41C8}.Release|Any CPU.ActiveCfg = Release|Any CPU
		{A61B9B07-C0A4-4CE5-A1E2-74346EFC41C8}.Release|Any CPU.Build.0 = Release|Any CPU
		{B61A1AE8-DC81-48F0-9455-FB6D520FAFB9}.Debug|Any CPU.ActiveCfg = Debug|Any CPU
		{B61A1AE8-DC81-48F0-9455-FB6D520FAFB9}.Debug|Any CPU.Build.0 = Debug|Any CPU
		{B61A1AE8-DC81-48F0-9455-FB6D520FAFB9}.Release|Any CPU.ActiveCfg = Release|Any CPU
		{B61A1AE8-DC81-48F0-9455-FB6D520FAFB9}.Release|Any CPU.Build.0 = Release|Any CPU
	EndGlobalSection
	GlobalSection(SolutionProperties) = preSolution
		HideSolutionNode = FALSE
	EndGlobalSection
	GlobalSection(NestedProjects) = preSolution
		{6D2B9493-1F58-4A00-AF4D-A515F78ECC63} = {88AA340C-FC8D-4210-9F02-72D80766913D}
		{AD89EED3-25A4-45ED-A3F4-857A0A6F338E} = {6D2B9493-1F58-4A00-AF4D-A515F78ECC63}
		{E5276775-20BF-4BBF-8754-68B951492122} = {88AA340C-FC8D-4210-9F02-72D80766913D}
		{A61B9B07-C0A4-4CE5-A1E2-74346EFC41C8} = {E5276775-20BF-4BBF-8754-68B951492122}
		{B61A1AE8-DC81-48F0-9455-FB6D520FAFB9} = {E5276775-20BF-4BBF-8754-68B951492122}
	EndGlobalSection
	GlobalSection(ExtensibilityGlobals) = postSolution
		SolutionGuid = {923C4A24-536D-4C02-A9EA-DB358CC0932A}
	EndGlobalSection
EndGlobal
